// !$*UTF8*$!
{
	archiveVersion = 1;
	classes = {
	};
	objectVersion = 46;
	objects = {

/* Begin PBXBuildFile section */
		2C31AF841D939D3100FFC36A /* AppDelegate.swift in Sources */ = {isa = PBXBuildFile; fileRef = 2C31AF831D939D3100FFC36A /* AppDelegate.swift */; };
		2C31AF861D939D3100FFC36A /* ViewController.swift in Sources */ = {isa = PBXBuildFile; fileRef = 2C31AF851D939D3100FFC36A /* ViewController.swift */; };
		2C31AF891D939D3100FFC36A /* Main.storyboard in Resources */ = {isa = PBXBuildFile; fileRef = 2C31AF871D939D3100FFC36A /* Main.storyboard */; };
		2C31AF8B1D939D3100FFC36A /* Assets.xcassets in Resources */ = {isa = PBXBuildFile; fileRef = 2C31AF8A1D939D3100FFC36A /* Assets.xcassets */; };
		2C31AF8E1D939D3100FFC36A /* LaunchScreen.storyboard in Resources */ = {isa = PBXBuildFile; fileRef = 2C31AF8C1D939D3100FFC36A /* LaunchScreen.storyboard */; };
		2C31AF991D99621F00FFC36A /* CalculatorBrain.swift in Sources */ = {isa = PBXBuildFile; fileRef = 2C31AF981D99621F00FFC36A /* CalculatorBrain.swift */; };
		2C31AFC21DA65D6F00FFC36A /* CalculatorTwoTests.swift in Sources */ = {isa = PBXBuildFile; fileRef = 2C31AFC11DA65D6F00FFC36A /* CalculatorTwoTests.swift */; };
/* End PBXBuildFile section */

/* Begin PBXContainerItemProxy section */
		2C31AFC41DA65D6F00FFC36A /* PBXContainerItemProxy */ = {
			isa = PBXContainerItemProxy;
			containerPortal = 2C31AF781D939D3000FFC36A /* Project object */;
			proxyType = 1;
			remoteGlobalIDString = 2C31AF7F1D939D3100FFC36A;
			remoteInfo = CalculatorTwo;
		};
/* End PBXContainerItemProxy section */

/* Begin PBXFileReference section */
		2C31AF801D939D3100FFC36A /* CalculatorTwo.app */ = {isa = PBXFileReference; explicitFileType = wrapper.application; includeInIndex = 0; path = CalculatorTwo.app; sourceTree = BUILT_PRODUCTS_DIR; };
		2C31AF831D939D3100FFC36A /* AppDelegate.swift */ = {isa = PBXFileReference; lastKnownFileType = sourcecode.swift; path = AppDelegate.swift; sourceTree = "<group>"; };
		2C31AF851D939D3100FFC36A /* ViewController.swift */ = {isa = PBXFileReference; lastKnownFileType = sourcecode.swift; path = ViewController.swift; sourceTree = "<group>"; };
		2C31AF881D939D3100FFC36A /* Base */ = {isa = PBXFileReference; lastKnownFileType = file.storyboard; name = Base; path = Base.lproj/Main.storyboard; sourceTree = "<group>"; };
		2C31AF8A1D939D3100FFC36A /* Assets.xcassets */ = {isa = PBXFileReference; lastKnownFileType = folder.assetcatalog; path = Assets.xcassets; sourceTree = "<group>"; };
		2C31AF8D1D939D3100FFC36A /* Base */ = {isa = PBXFileReference; lastKnownFileType = file.storyboard; name = Base; path = Base.lproj/LaunchScreen.storyboard; sourceTree = "<group>"; };
		2C31AF8F1D939D3100FFC36A /* Info.plist */ = {isa = PBXFileReference; lastKnownFileType = text.plist.xml; path = Info.plist; sourceTree = "<group>"; };
		2C31AF981D99621F00FFC36A /* CalculatorBrain.swift */ = {isa = PBXFileReference; fileEncoding = 4; lastKnownFileType = sourcecode.swift; path = CalculatorBrain.swift; sourceTree = "<group>"; };
		2C31AFBF1DA65D6F00FFC36A /* CalculatorTwoTests.xctest */ = {isa = PBXFileReference; explicitFileType = wrapper.cfbundle; includeInIndex = 0; path = CalculatorTwoTests.xctest; sourceTree = BUILT_PRODUCTS_DIR; };
		2C31AFC11DA65D6F00FFC36A /* CalculatorTwoTests.swift */ = {isa = PBXFileReference; lastKnownFileType = sourcecode.swift; path = CalculatorTwoTests.swift; sourceTree = "<group>"; };
		2C31AFC31DA65D6F00FFC36A /* Info.plist */ = {isa = PBXFileReference; lastKnownFileType = text.plist.xml; path = Info.plist; sourceTree = "<group>"; };
/* End PBXFileReference section */

/* Begin PBXFrameworksBuildPhase section */
		2C31AF7D1D939D3100FFC36A /* Frameworks */ = {
			isa = PBXFrameworksBuildPhase;
			buildActionMask = 2147483647;
			files = (
			);
			runOnlyForDeploymentPostprocessing = 0;
		};
		2C31AFBC1DA65D6F00FFC36A /* Frameworks */ = {
			isa = PBXFrameworksBuildPhase;
			buildActionMask = 2147483647;
			files = (
			);
			runOnlyForDeploymentPostprocessing = 0;
		};
/* End PBXFrameworksBuildPhase section */

/* Begin PBXGroup section */
		2C31AF771D939D3000FFC36A = {
			isa = PBXGroup;
			children = (
				2C31AF821D939D3100FFC36A /* CalculatorTwo */,
				2C31AFC01DA65D6F00FFC36A /* CalculatorTwoTests */,
				2C31AF811D939D3100FFC36A /* Products */,
			);
			sourceTree = "<group>";
		};
		2C31AF811D939D3100FFC36A /* Products */ = {
			isa = PBXGroup;
			children = (
				2C31AF801D939D3100FFC36A /* CalculatorTwo.app */,
				2C31AFBF1DA65D6F00FFC36A /* CalculatorTwoTests.xctest */,
			);
			name = Products;
			sourceTree = "<group>";
		};
		2C31AF821D939D3100FFC36A /* CalculatorTwo */ = {
			isa = PBXGroup;
			children = (
				2C31AF951D98420C00FFC36A /* Supporting Files */,
				2C31AF851D939D3100FFC36A /* ViewController.swift */,
				2C31AF981D99621F00FFC36A /* CalculatorBrain.swift */,
				2C31AF871D939D3100FFC36A /* Main.storyboard */,
			);
			path = CalculatorTwo;
			sourceTree = "<group>";
		};
		2C31AF951D98420C00FFC36A /* Supporting Files */ = {
			isa = PBXGroup;
			children = (
				2C31AF831D939D3100FFC36A /* AppDelegate.swift */,
				2C31AF8A1D939D3100FFC36A /* Assets.xcassets */,
				2C31AF8C1D939D3100FFC36A /* LaunchScreen.storyboard */,
				2C31AF8F1D939D3100FFC36A /* Info.plist */,
			);
			name = "Supporting Files";
			sourceTree = "<group>";
		};
		2C31AFC01DA65D6F00FFC36A /* CalculatorTwoTests */ = {
			isa = PBXGroup;
			children = (
				2C31AFC11DA65D6F00FFC36A /* CalculatorTwoTests.swift */,
				2C31AFC31DA65D6F00FFC36A /* Info.plist */,
			);
			path = CalculatorTwoTests;
			sourceTree = "<group>";
		};
/* End PBXGroup section */

/* Begin PBXNativeTarget section */
		2C31AF7F1D939D3100FFC36A /* CalculatorTwo */ = {
			isa = PBXNativeTarget;
			buildConfigurationList = 2C31AF921D939D3100FFC36A /* Build configuration list for PBXNativeTarget "CalculatorTwo" */;
			buildPhases = (
				2C31AF7C1D939D3100FFC36A /* Sources */,
				2C31AF7D1D939D3100FFC36A /* Frameworks */,
				2C31AF7E1D939D3100FFC36A /* Resources */,
			);
			buildRules = (
			);
			dependencies = (
			);
			name = CalculatorTwo;
			productName = CalculatorTwo;
			productReference = 2C31AF801D939D3100FFC36A /* CalculatorTwo.app */;
			productType = "com.apple.product-type.application";
		};
		2C31AFBE1DA65D6F00FFC36A /* CalculatorTwoTests */ = {
			isa = PBXNativeTarget;
			buildConfigurationList = 2C31AFC61DA65D6F00FFC36A /* Build configuration list for PBXNativeTarget "CalculatorTwoTests" */;
			buildPhases = (
				2C31AFBB1DA65D6F00FFC36A /* Sources */,
				2C31AFBC1DA65D6F00FFC36A /* Frameworks */,
				2C31AFBD1DA65D6F00FFC36A /* Resources */,
			);
			buildRules = (
			);
			dependencies = (
				2C31AFC51DA65D6F00FFC36A /* PBXTargetDependency */,
			);
			name = CalculatorTwoTests;
			productName = CalculatorTwoTests;
			productReference = 2C31AFBF1DA65D6F00FFC36A /* CalculatorTwoTests.xctest */;
			productType = "com.apple.product-type.bundle.unit-test";
		};
/* End PBXNativeTarget section */

/* Begin PBXProject section */
		2C31AF781D939D3000FFC36A /* Project object */ = {
			isa = PBXProject;
			attributes = {
				LastSwiftUpdateCheck = 0800;
				LastUpgradeCheck = 0800;
				ORGANIZATIONNAME = Dmitriy;
				TargetAttributes = {
					2C31AF7F1D939D3100FFC36A = {
						CreatedOnToolsVersion = 8.0;
						DevelopmentTeam = 292K3XX9N4;
						ProvisioningStyle = Automatic;
					};
					2C31AFBE1DA65D6F00FFC36A = {
						CreatedOnToolsVersion = 8.0;
						DevelopmentTeam = 292K3XX9N4;
						ProvisioningStyle = Automatic;
						TestTargetID = 2C31AF7F1D939D3100FFC36A;
					};
				};
			};
			buildConfigurationList = 2C31AF7B1D939D3000FFC36A /* Build configuration list for PBXProject "CalculatorTwo" */;
			compatibilityVersion = "Xcode 3.2";
			developmentRegion = English;
			hasScannedForEncodings = 0;
			knownRegions = (
				en,
				Base,
			);
			mainGroup = 2C31AF771D939D3000FFC36A;
			productRefGroup = 2C31AF811D939D3100FFC36A /* Products */;
			projectDirPath = "";
			projectRoot = "";
			targets = (
				2C31AF7F1D939D3100FFC36A /* CalculatorTwo */,
				2C31AFBE1DA65D6F00FFC36A /* CalculatorTwoTests */,
			);
		};
/* End PBXProject section */

/* Begin PBXResourcesBuildPhase section */
		2C31AF7E1D939D3100FFC36A /* Resources */ = {
			isa = PBXResourcesBuildPhase;
			buildActionMask = 2147483647;
			files = (
				2C31AF8E1D939D3100FFC36A /* LaunchScreen.storyboard in Resources */,
				2C31AF8B1D939D3100FFC36A /* Assets.xcassets in Resources */,
				2C31AF891D939D3100FFC36A /* Main.storyboard in Resources */,
			);
			runOnlyForDeploymentPostprocessing = 0;
		};
		2C31AFBD1DA65D6F00FFC36A /* Resources */ = {
			isa = PBXResourcesBuildPhase;
			buildActionMask = 2147483647;
			files = (
			);
			runOnlyForDeploymentPostprocessing = 0;
		};
/* End PBXResourcesBuildPhase section */

/* Begin PBXSourcesBuildPhase section */
		2C31AF7C1D939D3100FFC36A /* Sources */ = {
			isa = PBXSourcesBuildPhase;
			buildActionMask = 2147483647;
			files = (
				2C31AF991D99621F00FFC36A /* CalculatorBrain.swift in Sources */,
				2C31AF861D939D3100FFC36A /* ViewController.swift in Sources */,
				2C31AF841D939D3100FFC36A /* AppDelegate.swift in Sources */,
			);
			runOnlyForDeploymentPostprocessing = 0;
		};
		2C31AFBB1DA65D6F00FFC36A /* Sources */ = {
			isa = PBXSourcesBuildPhase;
			buildActionMask = 2147483647;
			files = (
				2C31AFC21DA65D6F00FFC36A /* CalculatorTwoTests.swift in Sources */,
			);
			runOnlyForDeploymentPostprocessing = 0;
		};
/* End PBXSourcesBuildPhase section */

/* Begin PBXTargetDependency section */
		2C31AFC51DA65D6F00FFC36A /* PBXTargetDependency */ = {
			isa = PBXTargetDependency;
			target = 2C31AF7F1D939D3100FFC36A /* CalculatorTwo */;
			targetProxy = 2C31AFC41DA65D6F00FFC36A /* PBXContainerItemProxy */;
		};
/* End PBXTargetDependency section */

/* Begin PBXVariantGroup section */
		2C31AF871D939D3100FFC36A /* Main.storyboard */ = {
			isa = PBXVariantGroup;
			children = (
				2C31AF881D939D3100FFC36A /* Base */,
			);
			name = Main.storyboard;
			sourceTree = "<group>";
		};
		2C31AF8C1D939D3100FFC36A /* LaunchScreen.storyboard */ = {
			isa = PBXVariantGroup;
			children = (
				2C31AF8D1D939D3100FFC36A /* Base */,
			);
			name = LaunchScreen.storyboard;
			sourceTree = "<group>";
		};
/* End PBXVariantGroup section */

/* Begin XCBuildConfiguration section */
		2C31AF901D939D3100FFC36A /* Debug */ = {
			isa = XCBuildConfiguration;
			buildSettings = {
				ALWAYS_SEARCH_USER_PATHS = NO;
				CLANG_ANALYZER_NONNULL = YES;
				CLANG_CXX_LANGUAGE_STANDARD = "gnu++0x";
				CLANG_CXX_LIBRARY = "libc++";
				CLANG_ENABLE_MODULES = YES;
				CLANG_ENABLE_OBJC_ARC = YES;
				CLANG_WARN_BOOL_CONVERSION = YES;
				CLANG_WARN_CONSTANT_CONVERSION = YES;
				CLANG_WARN_DIRECT_OBJC_ISA_USAGE = YES_ERROR;
				CLANG_WARN_DOCUMENTATION_COMMENTS = YES;
				CLANG_WARN_EMPTY_BODY = YES;
				CLANG_WARN_ENUM_CONVERSION = YES;
				CLANG_WARN_INFINITE_RECURSION = YES;
				CLANG_WARN_INT_CONVERSION = YES;
				CLANG_WARN_OBJC_ROOT_CLASS = YES_ERROR;
				CLANG_WARN_SUSPICIOUS_MOVES = YES;
				CLANG_WARN_UNREACHABLE_CODE = YES;
				CLANG_WARN__DUPLICATE_METHOD_MATCH = YES;
				"CODE_SIGN_IDENTITY[sdk=iphoneos*]" = "iPhone Developer";
				COPY_PHASE_STRIP = NO;
				DEBUG_INFORMATION_FORMAT = dwarf;
				ENABLE_STRICT_OBJC_MSGSEND = YES;
				ENABLE_TESTABILITY = YES;
				GCC_C_LANGUAGE_STANDARD = gnu99;
				GCC_DYNAMIC_NO_PIC = NO;
				GCC_NO_COMMON_BLOCKS = YES;
				GCC_OPTIMIZATION_LEVEL = 0;
				GCC_PREPROCESSOR_DEFINITIONS = (
					"DEBUG=1",
					"$(inherited)",
				);
				GCC_WARN_64_TO_32_BIT_CONVERSION = YES;
				GCC_WARN_ABOUT_RETURN_TYPE = YES_ERROR;
				GCC_WARN_UNDECLARED_SELECTOR = YES;
				GCC_WARN_UNINITIALIZED_AUTOS = YES_AGGRESSIVE;
				GCC_WARN_UNUSED_FUNCTION = YES;
				GCC_WARN_UNUSED_VARIABLE = YES;
				IPHONEOS_DEPLOYMENT_TARGET = 10.0;
				MTL_ENABLE_DEBUG_INFO = YES;
				ONLY_ACTIVE_ARCH = YES;
				SDKROOT = iphoneos;
				SWIFT_ACTIVE_COMPILATION_CONDITIONS = DEBUG;
				SWIFT_OPTIMIZATION_LEVEL = "-Onone";
				TARGETED_DEVICE_FAMILY = "1,2";
			};
			name = Debug;
		};
		2C31AF911D939D3100FFC36A /* Release */ = {
			isa = XCBuildConfiguration;
			buildSettings = {
				ALWAYS_SEARCH_USER_PATHS = NO;
				CLANG_ANALYZER_NONNULL = YES;
				CLANG_CXX_LANGUAGE_STANDARD = "gnu++0x";
				CLANG_CXX_LIBRARY = "libc++";
				CLANG_ENABLE_MODULES = YES;
				CLANG_ENABLE_OBJC_ARC = YES;
				CLANG_WARN_BOOL_CONVERSION = YES;
				CLANG_WARN_CONSTANT_CONVERSION = YES;
				CLANG_WARN_DIRECT_OBJC_ISA_USAGE = YES_ERROR;
				CLANG_WARN_DOCUMENTATION_COMMENTS = YES;
				CLANG_WARN_EMPTY_BODY = YES;
				CLANG_WARN_ENUM_CONVERSION = YES;
				CLANG_WARN_INFINITE_RECURSION = YES;
				CLANG_WARN_INT_CONVERSION = YES;
				CLANG_WARN_OBJC_ROOT_CLASS = YES_ERROR;
				CLANG_WARN_SUSPICIOUS_MOVES = YES;
				CLANG_WARN_UNREACHABLE_CODE = YES;
				CLANG_WARN__DUPLICATE_METHOD_MATCH = YES;
				"CODE_SIGN_IDENTITY[sdk=iphoneos*]" = "iPhone Developer";
				COPY_PHASE_STRIP = NO;
				DEBUG_INFORMATION_FORMAT = "dwarf-with-dsym";
				ENABLE_NS_ASSERTIONS = NO;
				ENABLE_STRICT_OBJC_MSGSEND = YES;
				GCC_C_LANGUAGE_STANDARD = gnu99;
				GCC_NO_COMMON_BLOCKS = YES;
				GCC_WARN_64_TO_32_BIT_CONVERSION = YES;
				GCC_WARN_ABOUT_RETURN_TYPE = YES_ERROR;
				GCC_WARN_UNDECLARED_SELECTOR = YES;
				GCC_WARN_UNINITIALIZED_AUTOS = YES_AGGRESSIVE;
				GCC_WARN_UNUSED_FUNCTION = YES;
				GCC_WARN_UNUSED_VARIABLE = YES;
				IPHONEOS_DEPLOYMENT_TARGET = 10.0;
				MTL_ENABLE_DEBUG_INFO = NO;
				SDKROOT = iphoneos;
				SWIFT_OPTIMIZATION_LEVEL = "-Owholemodule";
				TARGETED_DEVICE_FAMILY = "1,2";
				VALIDATE_PRODUCT = YES;
			};
			name = Release;
		};
		2C31AF931D939D3100FFC36A /* Debug */ = {
			isa = XCBuildConfiguration;
			buildSettings = {
				ASSETCATALOG_COMPILER_APPICON_NAME = AppIcon;
				DEVELOPMENT_TEAM = 292K3XX9N4;
				INFOPLIST_FILE = CalculatorTwo/Info.plist;
				IPHONEOS_DEPLOYMENT_TARGET = 10.0;
				LD_RUNPATH_SEARCH_PATHS = "$(inherited) @executable_path/Frameworks";
				PRODUCT_BUNDLE_IDENTIFIER = "Dmitriy-Chervyakov.CalculatorTwo";
				PRODUCT_NAME = "$(TARGET_NAME)";
				SWIFT_VERSION = 3.0;
			};
			name = Debug;
		};
		2C31AF941D939D3100FFC36A /* Release */ = {
			isa = XCBuildConfiguration;
			buildSettings = {
				ASSETCATALOG_COMPILER_APPICON_NAME = AppIcon;
				DEVELOPMENT_TEAM = 292K3XX9N4;
				INFOPLIST_FILE = CalculatorTwo/Info.plist;
				IPHONEOS_DEPLOYMENT_TARGET = 10.0;
				LD_RUNPATH_SEARCH_PATHS = "$(inherited) @executable_path/Frameworks";
				PRODUCT_BUNDLE_IDENTIFIER = "Dmitriy-Chervyakov.CalculatorTwo";
				PRODUCT_NAME = "$(TARGET_NAME)";
				SWIFT_VERSION = 3.0;
			};
			name = Release;
		};
		2C31AFC71DA65D6F00FFC36A /* Debug */ = {
			isa = XCBuildConfiguration;
			buildSettings = {
				BUNDLE_LOADER = "$(TEST_HOST)";
				DEVELOPMENT_TEAM = 292K3XX9N4;
				INFOPLIST_FILE = CalculatorTwoTests/Info.plist;
				LD_RUNPATH_SEARCH_PATHS = "$(inherited) @executable_path/Frameworks @loader_path/Frameworks";
				PRODUCT_BUNDLE_IDENTIFIER = "Dmitriy-Chervyakov.CalculatorTwoTests";
				PRODUCT_NAME = "$(TARGET_NAME)";
				SWIFT_VERSION = 3.0;
				TEST_HOST = "$(BUILT_PRODUCTS_DIR)/CalculatorTwo.app/CalculatorTwo";
			};
			name = Debug;
		};
		2C31AFC81DA65D6F00FFC36A /* Release */ = {
			isa = XCBuildConfiguration;
			buildSettings = {
				BUNDLE_LOADER = "$(TEST_HOST)";
				DEVELOPMENT_TEAM = 292K3XX9N4;
				INFOPLIST_FILE = CalculatorTwoTests/Info.plist;
				LD_RUNPATH_SEARCH_PATHS = "$(inherited) @executable_path/Frameworks @loader_path/Frameworks";
				PRODUCT_BUNDLE_IDENTIFIER = "Dmitriy-Chervyakov.CalculatorTwoTests";
				PRODUCT_NAME = "$(TARGET_NAME)";
				SWIFT_VERSION = 3.0;
				TEST_HOST = "$(BUILT_PRODUCTS_DIR)/CalculatorTwo.app/CalculatorTwo";
			};
			name = Release;
		};
/* End XCBuildConfiguration section */

/* Begin XCConfigurationList section */
		2C31AF7B1D939D3000FFC36A /* Build configuration list for PBXProject "CalculatorTwo" */ = {
			isa = XCConfigurationList;
			buildConfigurations = (
				2C31AF901D939D3100FFC36A /* Debug */,
				2C31AF911D939D3100FFC36A /* Release */,
			);
			defaultConfigurationIsVisible = 0;
			defaultConfigurationName = Release;
		};
		2C31AF921D939D3100FFC36A /* Build configuration list for PBXNativeTarget "CalculatorTwo" */ = {
			isa = XCConfigurationList;
			buildConfigurations = (
				2C31AF931D939D3100FFC36A /* Debug */,
				2C31AF941D939D3100FFC36A /* Release */,
			);
			defaultConfigurationIsVisible = 0;
			defaultConfigurationName = Release;
		};
		2C31AFC61DA65D6F00FFC36A /* Build configuration list for PBXNativeTarget "CalculatorTwoTests" */ = {
			isa = XCConfigurationList;
			buildConfigurations = (
				2C31AFC71DA65D6F00FFC36A /* Debug */,
				2C31AFC81DA65D6F00FFC36A /* Release */,
			);
			defaultConfigurationIsVisible = 0;
		};
/* End XCConfigurationList section */
	};
	rootObject = 2C31AF781D939D3000FFC36A /* Project object */;
}
